
Microsoft Visual Studio Solution File, Format Version 12.00
# Visual Studio Version 17
VisualStudioVersion = 17.1.32421.90
MinimumVisualStudioVersion = 10.0.40219.1
Project("{FAE04EC0-301F-11D3-BF4B-00C04F79EFBC}") = "Course_05", "Course_05\Course_05.csproj", "{E8A4812B-4BD9-4538-8302-DCAA2E77ACA5}"
EndProject
Global
	GlobalSection(SolutionConfigurationPlatforms) = preSolution
		Debug|Any CPU = Debug|Any CPU
		Release|Any CPU = Release|Any CPU
	EndGlobalSection
	GlobalSection(ProjectConfigurationPlatforms) = postSolution
		{E8A4812B-4BD9-4538-8302-DCAA2E77ACA5}.Debug|Any CPU.ActiveCfg = Debug|Any CPU
		{E8A4812B-4BD9-4538-8302-DCAA2E77ACA5}.Debug|Any CPU.Build.0 = Debug|Any CPU
		{E8A4812B-4BD9-4538-8302-DCAA2E77ACA5}.Release|Any CPU.ActiveCfg = Release|Any CPU
		{E8A4812B-4BD9-4538-8302-DCAA2E77ACA5}.Release|Any CPU.Build.0 = Release|Any CPU
	EndGlobalSection
	GlobalSection(SolutionProperties) = preSolution
		HideSolutionNode = FALSE
	EndGlobalSection
	GlobalSection(ExtensibilityGlobals) = postSolution
		SolutionGuid = {20CB748E-527F-4C8E-B884-25EBF1FEBC6B}
	EndGlobalSection
EndGlobal
